# This file is automatically @generated by Cargo.
# It is not intended for manual editing.
version = 3

[[package]]
name = "breaking-records"
version = "0.1.0"

[[package]]
name = "camel-case"
version = "0.1.0"

[[package]]
name = "counting-sort"
version = "0.1.0"

[[package]]
name = "counting-valleys"
version = "0.1.0"

[[package]]
name = "diagonal-difference"
version = "0.1.0"

[[package]]
name = "divisible-sum-pairs"
version = "0.1.0"

[[package]]
name = "flipping-bits"
version = "0.1.0"

[[package]]
name = "grading-students"
version = "0.1.0"

[[package]]
name = "lonely-integer"
version = "0.1.0"

[[package]]
name = "mini-max-sum"
version = "0.1.0"

[[package]]
name = "plus-minus"
version = "0.1.0"

[[package]]
name = "read-inputs"
version = "0.1.0"

[[package]]
name = "sparse-arrays"
version = "0.1.0"

[[package]]
name = "time-conversion"
version = "0.1.0"
